# Generated by pub
# See https://dart.dev/tools/pub/glossary#lockfile
packages:
  archive:
    dependency: transitive
    description:
      name: archive
      sha256: a96e8b390886ee8abb49b7bd3ac8df6f451c621619f52a26e815fdcf568959ff
      url: "https://pub.dev"
    source: hosted
    version: "4.0.9"
  async:
    dependency: transitive
    description:
      name: async
      sha256: e2eb0491ba5ddb6177742d2da23904574082139b07c1e33b8503b9f46f3e1a37
      url: "https://pub.dev"
    source: hosted
    version: "2.13.1"
  characters:
    dependency: transitive
    description:
      name: characters
      sha256: faf38497bda5ead2a8c7615f4f7939df04333478bf32e4173fcb06d428b5716b
      url: "https://pub.dev"
    source: hosted
    version: "1.4.1"
  clock:
    dependency: transitive
    description:
      name: clock
      sha256: fddb70d9b5277016c77a80201021d40a2247104d9f4aa7bab7157b7e3f05b84b
      url: "https://pub.dev"
    source: hosted
    version: "1.1.2"
  collection:
    dependency: transitive
    description:
      name: collection
      sha256: "2f5709ae4d3d59dd8f7cd309b4e023046b57d8a6c82130785d2b0e5868084e76"
      url: "https://pub.dev"
    source: hosted
    version: "1.19.1"
  crypto:
    dependency: transitive
    description:
      name: crypto
      sha256: c8ea0233063ba03258fbcf2ca4d6dadfefe14f02fab57702265467a19f27fadf
      url: "https://pub.dev"
    source: hosted
    version: "3.0.7"
  dylib:
    dependency: transitive
    description:
      name: dylib
      sha256: bf609b3eb6492a3309b3d1dbe8f83a4031de5535dd7686be33487051cc760bb0
      url: "https://pub.dev"
    source: hosted
    version: "0.3.3"
  ffi:
    dependency: transitive
    description:
      name: ffi
      sha256: "6d7fd89431262d8f3125e81b50d3847a091d846eafcd4fdb88dd06f36d705a45"
      url: "https://pub.dev"
    source: hosted
    version: "2.2.0"
  file:
    dependency: transitive
    description:
      name: file
      sha256: a3b4f84adafef897088c160faf7dfffb7696046cb13ae90b508c2cbc95d3b8d4
      url: "https://pub.dev"
    source: hosted
    version: "7.0.1"
  fixnum:
    dependency: transitive
    description:
      name: fixnum
      sha256: b6dc7065e46c974bc7c5f143080a6764ec7a4be6da1285ececdc37be96de53be
      url: "https://pub.dev"
    source: hosted
    version: "1.1.1"
  flutter:
    dependency: "direct main"
    description: flutter
    source: sdk
    version: "0.0.0"
  flutter_angle:
    dependency: transitive
    description:
      name: flutter_angle
      sha256: ac8031752d4018ec2bfe699f70eee44f0c868762faf20d5e08bf07ca48f551d7
      url: "https://pub.dev"
    source: hosted
    version: "0.4.0"
  flutter_lints:
    dependency: "direct dev"
    description:
      name: flutter_lints
      sha256: "3f41d009ba7172d5ff9be5f6e6e6abb4300e263aab8866d2a0842ed2a70f8f0c"
      url: "https://pub.dev"
    source: hosted
    version: "4.0.0"
  flutter_web_plugins:
    dependency: transitive
    description: flutter
    source: sdk
    version: "0.0.0"
  http:
    dependency: "direct main"
    description:
      name: http
      sha256: "87721a4a50b19c7f1d49001e51409bddc46303966ce89a65af4f4e6004896412"
      url: "https://pub.dev"
    source: hosted
    version: "1.6.0"
  http_parser:
    dependency: transitive
    description:
      name: http_parser
      sha256: "178d74305e7866013777bab2c3d8726205dc5a4dd935297175b19a23a2e66571"
      url: "https://pub.dev"
    source: hosted
    version: "4.1.2"
  image:
    dependency: transitive
    description:
      name: image
      sha256: f9881ff4998044947ec38d098bc7c8316ae1186fa786eddffdb867b9bc94dfce
      url: "https://pub.dev"
    source: hosted
    version: "4.8.0"
  lints:
    dependency: transitive
    description:
      name: lints
      sha256: "976c774dd944a42e83e2467f4cc670daef7eed6295b10b36ae8c85bcbf828235"
      url: "https://pub.dev"
    source: hosted
    version: "4.0.0"
  logger:
    dependency: transitive
    description:
      name: logger
      sha256: "25aee487596a6257655a1e091ec2ae66bc30e7af663592cc3a27e6591e05035c"
      url: "https://pub.dev"
    source: hosted
    version: "2.7.0"
  material_color_utilities:
    dependency: transitive
    description:
      name: material_color_utilities
      sha256: "9c337007e82b1889149c82ed242ed1cb24a66044e30979c44912381e9be4c48b"
      url: "https://pub.dev"
    source: hosted
    version: "0.13.0"
  meta:
    dependency: transitive
    description:
      name: meta
      sha256: "1741988757a65eb6b36abe716829688cf01910bbf91c34354ff7ec1c3de2b349"
      url: "https://pub.dev"
    source: hosted
    version: "1.18.0"
  opentype_dart:
    dependency: transitive
    description:
      name: opentype_dart
      sha256: "4bd96aeed494289a87e92bde20afe60f59648dcef253c0a7159b65ffa23899dc"
      url: "https://pub.dev"
    source: hosted
    version: "0.0.1"
  path:
    dependency: transitive
    description:
      name: path
      sha256: "75cca69d1490965be98c73ceaea117e8a04dd21217b37b292c9ddbec0d955bc5"
      url: "https://pub.dev"
    source: hosted
    version: "1.9.1"
  path_provider_linux:
    dependency: transitive
    description:
      name: path_provider_linux
      sha256: f7a1fe3a634fe7734c8d3f2766ad746ae2a2884abe22e241a8b301bf5cac3279
      url: "https://pub.dev"
    source: hosted
    version: "2.2.1"
  path_provider_platform_interface:
    dependency: transitive
    description:
      name: path_provider_platform_interface
      sha256: "484838772624c3a4b94f1e44a3e19897fee738f2d5c4ce448443b0417f7c9dda"
      url: "https://pub.dev"
    source: hosted
    version: "2.1.3"
  path_provider_windows:
    dependency: transitive
    description:
      name: path_provider_windows
      sha256: bd6f00dbd873bfb70d0761682da2b3a2c2fccc2b9e84c495821639601d81afe7
      url: "https://pub.dev"
    source: hosted
    version: "2.3.0"
  petitparser:
    dependency: transitive
    description:
      name: petitparser
      sha256: "91bd59303e9f769f108f8df05e371341b15d59e995e6806aefab827b58336675"
      url: "https://pub.dev"
    source: hosted
    version: "7.0.2"
  platform:
    dependency: transitive
    description:
      name: platform
      sha256: "5d6b1b0036a5f331ebc77c850ebc8506cbc1e9416c27e59b439f917a902a4984"
      url: "https://pub.dev"
    source: hosted
    version: "3.1.6"
  plugin_platform_interface:
    dependency: transitive
    description:
      name: plugin_platform_interface
      sha256: "4820fbfdb9478b1ebae27888254d445073732dae3d6ea81f0b7e06d5dedc3f02"
      url: "https://pub.dev"
    source: hosted
    version: "2.1.8"
  posix:
    dependency: transitive
    description:
      name: posix
      sha256: "185ef7606574f789b40f289c233efa52e96dead518aed988e040a10737febb07"
      url: "https://pub.dev"
    source: hosted
    version: "6.5.0"
  shared_preferences:
    dependency: "direct main"
    description:
      name: shared_preferences
      sha256: c3025c5534b01739267eb7d76959bbc25a6d10f6988e1c2a3036940133dd10bf
      url: "https://pub.dev"
    source: hosted
    version: "2.5.5"
  shared_preferences_android:
    dependency: transitive
    description:
      name: shared_preferences_android
      sha256: "93ae5884a9df5d3bb696825bceb3a17590754548b5d740eba51500afc8d088f5"
      url: "https://pub.dev"
    source: hosted
    version: "2.4.26"
  shared_preferences_foundation:
    dependency: transitive
    description:
      name: shared_preferences_foundation
      sha256: "4e7eaffc2b17ba398759f1151415869a34771ba11ebbccd1b0145472a619a64f"
      url: "https://pub.dev"
    source: hosted
    version: "2.5.6"
  shared_preferences_linux:
    dependency: transitive
    description:
      name: shared_preferences_linux
      sha256: "580abfd40f415611503cae30adf626e6656dfb2f0cee8f465ece7b6defb40f2f"
      url: "https://pub.dev"
    source: hosted
    version: "2.4.1"
  shared_preferences_platform_interface:
    dependency: transitive
    description:
      name: shared_preferences_platform_interface
      sha256: "649dc798a33931919ea356c4305c2d1f81619ea6e92244070b520187b5140ef9"
      url: "https://pub.dev"
    source: hosted
    version: "2.4.2"
  shared_preferences_web:
    dependency: transitive
    description:
      name: shared_preferences_web
      sha256: c49bd060261c9a3f0ff445892695d6212ff603ef3115edbb448509d407600019
      url: "https://pub.dev"
    source: hosted
    version: "2.4.3"
  shared_preferences_windows:
    dependency: transitive
    description:
      name: shared_preferences_windows
      sha256: "94ef0f72b2d71bc3e700e025db3710911bd51a71cefb65cc609dd0d9a982e3c1"
      url: "https://pub.dev"
    source: hosted
    version: "2.4.1"
  sky_engine:
    dependency: transitive
    description: flutter
    source: sdk
    version: "0.0.0"
  source_span:
    dependency: transitive
    description:
      name: source_span
      sha256: "56a02f1f4cd1a2d96303c0144c93bd6d909eea6bee6bf5a0e0b685edbd4c47ab"
      url: "https://pub.dev"
    source: hosted
    version: "1.10.2"
  string_scanner:
    dependency: transitive
    description:
      name: string_scanner
      sha256: "921cd31725b72fe181906c6a94d987c78e3b98c2e205b397ea399d4054872b43"
      url: "https://pub.dev"
    source: hosted
    version: "1.4.1"
  term_glyph:
    dependency: transitive
    description:
      name: term_glyph
      sha256: "7f554798625ea768a7518313e58f83891c7f5024f88e46e7182a4558850a4b8e"
      url: "https://pub.dev"
    source: hosted
    version: "1.2.2"
  three_js:
    dependency: "direct main"
    description:
      name: three_js
      sha256: eb0ac22a092188f00220e9b505b25287d3fb4a835bca47f0b8787e1651197b4c
      url: "https://pub.dev"
    source: hosted
    version: "0.3.0"
  three_js_advanced_loaders:
    dependency: "direct main"
    description:
      name: three_js_advanced_loaders
      sha256: fab9ade9ee16c8c43ad98783eb87090f1342a74e987a5e5329bf67f42d07cef9
      url: "https://pub.dev"
    source: hosted
    version: "0.3.0"
  three_js_angle_renderer:
    dependency: transitive
    description:
      name: three_js_angle_renderer
      sha256: "2f2334f2289c939888db7229eb8698a3e3c307493413735de11703dd97dce3f3"
      url: "https://pub.dev"
    source: hosted
    version: "0.0.1"
  three_js_animations:
    dependency: transitive
    description:
      name: three_js_animations
      sha256: "7a0763b1531e2e7321b46b529e33310e258f08d2124de0b6b6d6688daffe08f3"
      url: "https://pub.dev"
    source: hosted
    version: "0.3.0"
  three_js_controls:
    dependency: transitive
    description:
      name: three_js_controls
      sha256: c2c7beeb8dd4faab8a2a85134f5b9cab0fb6a088dc69e8ec6dd6e0953340ffd1
      url: "https://pub.dev"
    source: hosted
    version: "0.3.0"
  three_js_core:
    dependency: transitive
    description:
      name: three_js_core
      sha256: "550a9a9c3c61c51b62805830d0dca79392e7592a3b1652334f6b8da322100ca1"
      url: "https://pub.dev"
    source: hosted
    version: "0.3.0"
  three_js_core_loaders:
    dependency: transitive
    description:
      name: three_js_core_loaders
      sha256: "53a5df2c44fe721b0a791a3ddad02774c20174bd50f9b9c94cf620b2369a8f61"
      url: "https://pub.dev"
    source: hosted
    version: "0.3.0"
  three_js_curves:
    dependency: transitive
    description:
      name: three_js_curves
      sha256: a1510a58b5e80b2a4f5d6402669d467ac3dc85294151ad9f4880d610594c07a5
      url: "https://pub.dev"
    source: hosted
    version: "0.3.0"
  three_js_geometry:
    dependency: transitive
    description:
      name: three_js_geometry
      sha256: "1572a040d7037531057ea02bfa6df7ac93ead8f718f5d31d8727df4e7f878f0a"
      url: "https://pub.dev"
    source: hosted
    version: "0.3.0"
  three_js_math:
    dependency: transitive
    description:
      name: three_js_math
      sha256: "8b037cc90638971aec148d33b5fa7d59d33b778b6e0563a4203282a0e12a90d0"
      url: "https://pub.dev"
    source: hosted
    version: "0.3.0"
  three_js_postprocessing:
    dependency: "direct main"
    description:
      name: three_js_postprocessing
      sha256: "037825fe2a539b712a2c23def7165d954a83a63b2508b2efb2dc3e5fa2a14857"
      url: "https://pub.dev"
    source: hosted
    version: "0.3.0"
  three_js_sensors:
    dependency: transitive
    description:
      name: three_js_sensors
      sha256: "07f8fa9866cafdea3b8e7ccf03f0383226fc950426db59f0a68c617c8cdf5bb8"
      url: "https://pub.dev"
    source: hosted
    version: "0.2.0"
  three_js_simple_loaders:
    dependency: transitive
    description:
      name: three_js_simple_loaders
      sha256: "57d7496f8c5ac51cf885243d6b6b8f063eacc8c35041a88ffb846b9927f10dab"
      url: "https://pub.dev"
    source: hosted
    version: "0.3.0"
  three_js_text:
    dependency: transitive
    description:
      name: three_js_text
      sha256: "30ac3e8d7a9a75cb19e6591511657056278f812fe96f3b9f64351c95c5b7383e"
      url: "https://pub.dev"
    source: hosted
    version: "0.3.0"
  typed_data:
    dependency: transitive
    description:
      name: typed_data
      sha256: f9049c039ebfeb4cf7a7104a675823cd72dba8297f264b6637062516699fa006
      url: "https://pub.dev"
    source: hosted
    version: "1.4.0"
  uuid:
    dependency: transitive
    description:
      name: uuid
      sha256: "1fef9e8e11e2991bb773070d4656b7bd5d850967a2456cfc83cf47925ba79489"
      url: "https://pub.dev"
    source: hosted
    version: "4.5.3"
  vector_math:
    dependency: transitive
    description:
      name: vector_math
      sha256: d530bd74fea330e6e364cda7a85019c434070188383e1cd8d9777ee586914c5b
      url: "https://pub.dev"
    source: hosted
    version: "2.2.0"
  web:
    dependency: transitive
    description:
      name: web
      sha256: "868d88a33d8a87b18ffc05f9f030ba328ffefba92d6c127917a2ba740f9cfe4a"
      url: "https://pub.dev"
    source: hosted
    version: "1.1.1"
  xdg_directories:
    dependency: transitive
    description:
      name: xdg_directories
      sha256: "7a3f37b05d989967cdddcbb571f1ea834867ae2faa29725fd085180e0883aa15"
      url: "https://pub.dev"
    source: hosted
    version: "1.1.0"
  xml:
    dependency: transitive
    description:
      name: xml
      sha256: "971043b3a0d3da28727e40ed3e0b5d18b742fa5a68665cca88e74b7876d5e025"
      url: "https://pub.dev"
    source: hosted
    version: "6.6.1"
sdks:
  dart: ">=3.12.0 <4.0.0"
  flutter: ">=3.44.0"
